
Microsoft Visual Studio Solution File, Format Version 12.00
# Visual Studio Version 16
VisualStudioVersion = 16.0.31005.135
MinimumVisualStudioVersion = 10.0.40219.1
Project("{9A19103F-16F7-4668-BE54-9A1E7A4F7556}") = "01Task", "01Task\01Task.csproj", "{510F6155-5D8B-4210-9EAB-5BA3F4F4FC15}"
EndProject
Project("{9A19103F-16F7-4668-BE54-9A1E7A4F7556}") = "02Task", "02Task\02Task.csproj", "{1421DA4F-C515-41EB-9570-DDA209A66473}"
EndProject
Project("{9A19103F-16F7-4668-BE54-9A1E7A4F7556}") = "03Task", "03Task\03Task.csproj", "{3E0D2A66-C9B1-4420-857A-87F2365FB9D6}"
EndProject
Project("{9A19103F-16F7-4668-BE54-9A1E7A4F7556}") = "04Task", "04Task\04Task.csproj", "{3E2114DF-180D-40BC-976E-ACA426EE706A}"
EndProject
Project("{9A19103F-16F7-4668-BE54-9A1E7A4F7556}") = "05Task", "05Task\05Task.csproj", "{05A86D21-9C06-4799-9B5E-9E1ADAA350F7}"
EndProject
Project("{9A19103F-16F7-4668-BE54-9A1E7A4F7556}") = "06Task", "06Task\06Task.csproj", "{174D3FBF-9F3D-4DBC-B87D-EE3FAE2E8D7B}"
EndProject
Project("{9A19103F-16F7-4668-BE54-9A1E7A4F7556}") = "07Task", "07Task\07Task.csproj", "{3051A7C1-5B72-43A6-B4B3-985D5ECA6B5F}"
EndProject
Project("{9A19103F-16F7-4668-BE54-9A1E7A4F7556}") = "08Task", "08Task\08Task.csproj", "{A2F964D4-5EFA-404E-B7D3-B6429C336FF7}"
EndProject
Project("{9A19103F-16F7-4668-BE54-9A1E7A4F7556}") = "09Task", "09Task\09Task.csproj", "{62A68671-784C-4DE2-B54C-2FE4864A9077}"
EndProject
Project("{9A19103F-16F7-4668-BE54-9A1E7A4F7556}") = "10Task", "10Task\10Task.csproj", "{13906109-4019-4D45-8C7F-68B0CC289FEA}"
EndProject
Project("{9A19103F-16F7-4668-BE54-9A1E7A4F7556}") = "11Task", "11Task\11Task.csproj", "{E3809797-BBC5-4C6E-8DB3-0135DA88DB3B}"
EndProject
Project("{FAE04EC0-301F-11D3-BF4B-00C04F79EFBC}") = "12Task", "12Task\12Task.csproj", "{E6BC84F5-1119-41BF-8A93-563635443859}"
EndProject
Global
	GlobalSection(SolutionConfigurationPlatforms) = preSolution
		Debug|Any CPU = Debug|Any CPU
		Release|Any CPU = Release|Any CPU
	EndGlobalSection
	GlobalSection(ProjectConfigurationPlatforms) = postSolution
		{510F6155-5D8B-4210-9EAB-5BA3F4F4FC15}.Debug|Any CPU.ActiveCfg = Debug|Any CPU
		{510F6155-5D8B-4210-9EAB-5BA3F4F4FC15}.Debug|Any CPU.Build.0 = Debug|Any CPU
		{510F6155-5D8B-4210-9EAB-5BA3F4F4FC15}.Release|Any CPU.ActiveCfg = Release|Any CPU
		{510F6155-5D8B-4210-9EAB-5BA3F4F4FC15}.Release|Any CPU.Build.0 = Release|Any CPU
		{1421DA4F-C515-41EB-9570-DDA209A66473}.Debug|Any CPU.ActiveCfg = Debug|Any CPU
		{1421DA4F-C515-41EB-9570-DDA209A66473}.Debug|Any CPU.Build.0 = Debug|Any CPU
		{1421DA4F-C515-41EB-9570-DDA209A66473}.Release|Any CPU.ActiveCfg = Release|Any CPU
		{1421DA4F-C515-41EB-9570-DDA209A66473}.Release|Any CPU.Build.0 = Release|Any CPU
		{3E0D2A66-C9B1-4420-857A-87F2365FB9D6}.Debug|Any CPU.ActiveCfg = Debug|Any CPU
		{3E0D2A66-C9B1-4420-857A-87F2365FB9D6}.Debug|Any CPU.Build.0 = Debug|Any CPU
		{3E0D2A66-C9B1-4420-857A-87F2365FB9D6}.Release|Any CPU.ActiveCfg = Release|Any CPU
		{3E0D2A66-C9B1-4420-857A-87F2365FB9D6}.Release|Any CPU.Build.0 = Release|Any CPU
		{3E2114DF-180D-40BC-976E-ACA426EE706A}.Debug|Any CPU.ActiveCfg = Debug|Any CPU
		{3E2114DF-180D-40BC-976E-ACA426EE706A}.Debug|Any CPU.Build.0 = Debug|Any CPU
		{3E2114DF-180D-40BC-976E-ACA426EE706A}.Release|Any CPU.ActiveCfg = Release|Any CPU
		{3E2114DF-180D-40BC-976E-ACA426EE706A}.Release|Any CPU.Build.0 = Release|Any CPU
		{05A86D21-9C06-4799-9B5E-9E1ADAA350F7}.Debug|Any CPU.ActiveCfg = Debug|Any CPU
		{05A86D21-9C06-4799-9B5E-9E1ADAA350F7}.Debug|Any CPU.Build.0 = Debug|Any CPU
		{05A86D21-9C06-4799-9B5E-9E1ADAA350F7}.Release|Any CPU.ActiveCfg = Release|Any CPU
		{05A86D21-9C06-4799-9B5E-9E1ADAA350F7}.Release|Any CPU.Build.0 = Release|Any CPU
		{174D3FBF-9F3D-4DBC-B87D-EE3FAE2E8D7B}.Debug|Any CPU.ActiveCfg = Debug|Any CPU
		{174D3FBF-9F3D-4DBC-B87D-EE3FAE2E8D7B}.Debug|Any CPU.Build.0 = Debug|Any CPU
		{174D3FBF-9F3D-4DBC-B87D-EE3FAE2E8D7B}.Release|Any CPU.ActiveCfg = Release|Any CPU
		{174D3FBF-9F3D-4DBC-B87D-EE3FAE2E8D7B}.Release|Any CPU.Build.0 = Release|Any CPU
		{3051A7C1-5B72-43A6-B4B3-985D5ECA6B5F}.Debug|Any CPU.ActiveCfg = Debug|Any CPU
		{3051A7C1-5B72-43A6-B4B3-985D5ECA6B5F}.Debug|Any CPU.Build.0 = Debug|Any CPU
		{3051A7C1-5B72-43A6-B4B3-985D5ECA6B5F}.Release|Any CPU.ActiveCfg = Release|Any CPU
		{3051A7C1-5B72-43A6-B4B3-985D5ECA6B5F}.Release|Any CPU.Build.0 = Release|Any CPU
		{A2F964D4-5EFA-404E-B7D3-B6429C336FF7}.Debug|Any CPU.ActiveCfg = Debug|Any CPU
		{A2F964D4-5EFA-404E-B7D3-B6429C336FF7}.Debug|Any CPU.Build.0 = Debug|Any CPU
		{A2F964D4-5EFA-404E-B7D3-B6429C336FF7}.Release|Any CPU.ActiveCfg = Release|Any CPU
		{A2F964D4-5EFA-404E-B7D3-B6429C336FF7}.Release|Any CPU.Build.0 = Release|Any CPU
		{62A68671-784C-4DE2-B54C-2FE4864A9077}.Debug|Any CPU.ActiveCfg = Debug|Any CPU
		{62A68671-784C-4DE2-B54C-2FE4864A9077}.Debug|Any CPU.Build.0 = Debug|Any CPU
		{62A68671-784C-4DE2-B54C-2FE4864A9077}.Release|Any CPU.ActiveCfg = Release|Any CPU
		{62A68671-784C-4DE2-B54C-2FE4864A9077}.Release|Any CPU.Build.0 = Release|Any CPU
		{13906109-4019-4D45-8C7F-68B0CC289FEA}.Debug|Any CPU.ActiveCfg = Debug|Any CPU
		{13906109-4019-4D45-8C7F-68B0CC289FEA}.Debug|Any CPU.Build.0 = Debug|Any CPU
		{13906109-4019-4D45-8C7F-68B0CC289FEA}.Release|Any CPU.ActiveCfg = Release|Any CPU
		{13906109-4019-4D45-8C7F-68B0CC289FEA}.Release|Any CPU.Build.0 = Release|Any CPU
		{E3809797-BBC5-4C6E-8DB3-0135DA88DB3B}.Debug|Any CPU.ActiveCfg = Debug|Any CPU
		{E3809797-BBC5-4C6E-8DB3-0135DA88DB3B}.Debug|Any CPU.Build.0 = Debug|Any CPU
		{E3809797-BBC5-4C6E-8DB3-0135DA88DB3B}.Release|Any CPU.ActiveCfg = Release|Any CPU
		{E3809797-BBC5-4C6E-8DB3-0135DA88DB3B}.Release|Any CPU.Build.0 = Release|Any CPU
		{E6BC84F5-1119-41BF-8A93-563635443859}.Debug|Any CPU.ActiveCfg = Debug|Any CPU
		{E6BC84F5-1119-41BF-8A93-563635443859}.Debug|Any CPU.Build.0 = Debug|Any CPU
		{E6BC84F5-1119-41BF-8A93-563635443859}.Release|Any CPU.ActiveCfg = Release|Any CPU
		{E6BC84F5-1119-41BF-8A93-563635443859}.Release|Any CPU.Build.0 = Release|Any CPU
	EndGlobalSection
	GlobalSection(SolutionProperties) = preSolution
		HideSolutionNode = FALSE
	EndGlobalSection
	GlobalSection(ExtensibilityGlobals) = postSolution
		SolutionGuid = {3D68EA43-678F-4B8C-9E9C-6B9B4BABBFE9}
	EndGlobalSection
EndGlobal
